// !$*UTF8*$!
{
	archiveVersion = 1;
	classes = {
	};
	objectVersion = 56;
	objects = {

/* Begin PBXBuildFile section */
		129D1841299E564700B6B36C /* AppDelegate.swift in Sources */ = {isa = PBXBuildFile; fileRef = 129D1840299E564700B6B36C /* AppDelegate.swift */; };
		129D1843299E564700B6B36C /* SceneDelegate.swift in Sources */ = {isa = PBXBuildFile; fileRef = 129D1842299E564700B6B36C /* SceneDelegate.swift */; };
		129D1845299E564700B6B36C /* SearchViewController.swift in Sources */ = {isa = PBXBuildFile; fileRef = 129D1844299E564700B6B36C /* SearchViewController.swift */; };
		129D184A299E564900B6B36C /* Assets.xcassets in Resources */ = {isa = PBXBuildFile; fileRef = 129D1849299E564900B6B36C /* Assets.xcassets */; };
		129D184D299E564900B6B36C /* LaunchScreen.storyboard in Resources */ = {isa = PBXBuildFile; fileRef = 129D184B299E564900B6B36C /* LaunchScreen.storyboard */; };
		129D185A299E66F000B6B36C /* FollowerListViewController.swift in Sources */ = {isa = PBXBuildFile; fileRef = 129D1859299E66F000B6B36C /* FollowerListViewController.swift */; };
		129D185D299E6D4800B6B36C /* Coordinator.swift in Sources */ = {isa = PBXBuildFile; fileRef = 129D185C299E6D4800B6B36C /* Coordinator.swift */; };
		12BE3E7B299F45D6008B4FA7 /* FavoritesListViewController.swift in Sources */ = {isa = PBXBuildFile; fileRef = 12BE3E7A299F45D6008B4FA7 /* FavoritesListViewController.swift */; };
		12BE3E7E299F477B008B4FA7 /* MainTabBarController.swift in Sources */ = {isa = PBXBuildFile; fileRef = 12BE3E7D299F477B008B4FA7 /* MainTabBarController.swift */; };
		12BE3E84299F5E0F008B4FA7 /* FlowCoordinator.swift in Sources */ = {isa = PBXBuildFile; fileRef = 12BE3E83299F5E0F008B4FA7 /* FlowCoordinator.swift */; };
		12BE3E86299F5F31008B4FA7 /* Coordinated.swift in Sources */ = {isa = PBXBuildFile; fileRef = 12BE3E85299F5F31008B4FA7 /* Coordinated.swift */; };
/* End PBXBuildFile section */

/* Begin PBXFileReference section */
		129D183D299E564700B6B36C /* github-followers.app */ = {isa = PBXFileReference; explicitFileType = wrapper.application; includeInIndex = 0; path = "github-followers.app"; sourceTree = BUILT_PRODUCTS_DIR; };
		129D1840299E564700B6B36C /* AppDelegate.swift */ = {isa = PBXFileReference; lastKnownFileType = sourcecode.swift; path = AppDelegate.swift; sourceTree = "<group>"; };
		129D1842299E564700B6B36C /* SceneDelegate.swift */ = {isa = PBXFileReference; lastKnownFileType = sourcecode.swift; path = SceneDelegate.swift; sourceTree = "<group>"; };
		129D1844299E564700B6B36C /* SearchViewController.swift */ = {isa = PBXFileReference; lastKnownFileType = sourcecode.swift; path = SearchViewController.swift; sourceTree = "<group>"; };
		129D1849299E564900B6B36C /* Assets.xcassets */ = {isa = PBXFileReference; lastKnownFileType = folder.assetcatalog; path = Assets.xcassets; sourceTree = "<group>"; };
		129D184C299E564900B6B36C /* Base */ = {isa = PBXFileReference; lastKnownFileType = file.storyboard; name = Base; path = Base.lproj/LaunchScreen.storyboard; sourceTree = "<group>"; };
		129D184E299E564900B6B36C /* Info.plist */ = {isa = PBXFileReference; lastKnownFileType = text.plist.xml; path = Info.plist; sourceTree = "<group>"; };
		129D1859299E66F000B6B36C /* FollowerListViewController.swift */ = {isa = PBXFileReference; lastKnownFileType = sourcecode.swift; path = FollowerListViewController.swift; sourceTree = "<group>"; };
		129D185C299E6D4800B6B36C /* Coordinator.swift */ = {isa = PBXFileReference; lastKnownFileType = sourcecode.swift; path = Coordinator.swift; sourceTree = "<group>"; };
		12BE3E7A299F45D6008B4FA7 /* FavoritesListViewController.swift */ = {isa = PBXFileReference; lastKnownFileType = sourcecode.swift; path = FavoritesListViewController.swift; sourceTree = "<group>"; };
		12BE3E7D299F477B008B4FA7 /* MainTabBarController.swift */ = {isa = PBXFileReference; lastKnownFileType = sourcecode.swift; path = MainTabBarController.swift; sourceTree = "<group>"; };
		12BE3E83299F5E0F008B4FA7 /* FlowCoordinator.swift */ = {isa = PBXFileReference; lastKnownFileType = sourcecode.swift; path = FlowCoordinator.swift; sourceTree = "<group>"; };
		12BE3E85299F5F31008B4FA7 /* Coordinated.swift */ = {isa = PBXFileReference; lastKnownFileType = sourcecode.swift; path = Coordinated.swift; sourceTree = "<group>"; };
/* End PBXFileReference section */

/* Begin PBXFrameworksBuildPhase section */
		129D183A299E564700B6B36C /* Frameworks */ = {
			isa = PBXFrameworksBuildPhase;
			buildActionMask = 2147483647;
			files = (
			);
			runOnlyForDeploymentPostprocessing = 0;
		};
/* End PBXFrameworksBuildPhase section */

/* Begin PBXGroup section */
		129D1834299E564700B6B36C = {
			isa = PBXGroup;
			children = (
				129D183F299E564700B6B36C /* github-followers */,
				129D183E299E564700B6B36C /* Products */,
			);
			sourceTree = "<group>";
		};
		129D183E299E564700B6B36C /* Products */ = {
			isa = PBXGroup;
			children = (
				129D183D299E564700B6B36C /* github-followers.app */,
			);
			name = Products;
			sourceTree = "<group>";
		};
		129D183F299E564700B6B36C /* github-followers */ = {
			isa = PBXGroup;
			children = (
				12BE3E7C299F4765008B4FA7 /* AppNavigation */,
				129D185E299E6DBF00B6B36C /* Coordinators */,
				129D185B299E6D3B00B6B36C /* Protocols */,
				129D1856299E66CC00B6B36C /* ViewControllers */,
				129D1855299E5E5F00B6B36C /* Support */,
				129D184E299E564900B6B36C /* Info.plist */,
			);
			path = "github-followers";
			sourceTree = "<group>";
		};
		129D1855299E5E5F00B6B36C /* Support */ = {
			isa = PBXGroup;
			children = (
				129D1840299E564700B6B36C /* AppDelegate.swift */,
				129D1842299E564700B6B36C /* SceneDelegate.swift */,
				129D1849299E564900B6B36C /* Assets.xcassets */,
				129D184B299E564900B6B36C /* LaunchScreen.storyboard */,
			);
			path = Support;
			sourceTree = "<group>";
		};
		129D1856299E66CC00B6B36C /* ViewControllers */ = {
			isa = PBXGroup;
			children = (
				12BE3E79299F4570008B4FA7 /* FavoritesList */,
				129D1858299E66DE00B6B36C /* FollowerList */,
				129D1857299E66D500B6B36C /* Search */,
			);
			path = ViewControllers;
			sourceTree = "<group>";
		};
		129D1857299E66D500B6B36C /* Search */ = {
			isa = PBXGroup;
			children = (
				129D1844299E564700B6B36C /* SearchViewController.swift */,
			);
			path = Search;
			sourceTree = "<group>";
		};
		129D1858299E66DE00B6B36C /* FollowerList */ = {
			isa = PBXGroup;
			children = (
				129D1859299E66F000B6B36C /* FollowerListViewController.swift */,
			);
			path = FollowerList;
			sourceTree = "<group>";
		};
		129D185B299E6D3B00B6B36C /* Protocols */ = {
			isa = PBXGroup;
			children = (
				129D185C299E6D4800B6B36C /* Coordinator.swift */,
				12BE3E85299F5F31008B4FA7 /* Coordinated.swift */,
			);
			path = Protocols;
			sourceTree = "<group>";
		};
		129D185E299E6DBF00B6B36C /* Coordinators */ = {
			isa = PBXGroup;
			children = (
				12BE3E83299F5E0F008B4FA7 /* FlowCoordinator.swift */,
			);
			path = Coordinators;
			sourceTree = "<group>";
		};
		12BE3E79299F4570008B4FA7 /* FavoritesList */ = {
			isa = PBXGroup;
			children = (
				12BE3E7A299F45D6008B4FA7 /* FavoritesListViewController.swift */,
			);
			path = FavoritesList;
			sourceTree = "<group>";
		};
		12BE3E7C299F4765008B4FA7 /* AppNavigation */ = {
			isa = PBXGroup;
			children = (
				12BE3E7D299F477B008B4FA7 /* MainTabBarController.swift */,
			);
			path = AppNavigation;
			sourceTree = "<group>";
		};
/* End PBXGroup section */

/* Begin PBXNativeTarget section */
		129D183C299E564700B6B36C /* github-followers */ = {
			isa = PBXNativeTarget;
			buildConfigurationList = 129D1851299E564900B6B36C /* Build configuration list for PBXNativeTarget "github-followers" */;
			buildPhases = (
				129D1839299E564700B6B36C /* Sources */,
				129D183A299E564700B6B36C /* Frameworks */,
				129D183B299E564700B6B36C /* Resources */,
			);
			buildRules = (
			);
			dependencies = (
			);
			name = "github-followers";
			productName = "github-followers";
			productReference = 129D183D299E564700B6B36C /* github-followers.app */;
			productType = "com.apple.product-type.application";
		};
/* End PBXNativeTarget section */

/* Begin PBXProject section */
		129D1835299E564700B6B36C /* Project object */ = {
			isa = PBXProject;
			attributes = {
				BuildIndependentTargetsInParallel = 1;
				LastSwiftUpdateCheck = 1420;
				LastUpgradeCheck = 1420;
				TargetAttributes = {
					129D183C299E564700B6B36C = {
						CreatedOnToolsVersion = 14.2;
					};
				};
			};
			buildConfigurationList = 129D1838299E564700B6B36C /* Build configuration list for PBXProject "github-followers" */;
			compatibilityVersion = "Xcode 14.0";
			developmentRegion = en;
			hasScannedForEncodings = 0;
			knownRegions = (
				en,
				Base,
			);
			mainGroup = 129D1834299E564700B6B36C;
			productRefGroup = 129D183E299E564700B6B36C /* Products */;
			projectDirPath = "";
			projectRoot = "";
			targets = (
				129D183C299E564700B6B36C /* github-followers */,
			);
		};
/* End PBXProject section */

/* Begin PBXResourcesBuildPhase section */
		129D183B299E564700B6B36C /* Resources */ = {
			isa = PBXResourcesBuildPhase;
			buildActionMask = 2147483647;
			files = (
				129D184D299E564900B6B36C /* LaunchScreen.storyboard in Resources */,
				129D184A299E564900B6B36C /* Assets.xcassets in Resources */,
			);
			runOnlyForDeploymentPostprocessing = 0;
		};
/* End PBXResourcesBuildPhase section */

/* Begin PBXSourcesBuildPhase section */
		129D1839299E564700B6B36C /* Sources */ = {
			isa = PBXSourcesBuildPhase;
			buildActionMask = 2147483647;
			files = (
				12BE3E86299F5F31008B4FA7 /* Coordinated.swift in Sources */,
				12BE3E84299F5E0F008B4FA7 /* FlowCoordinator.swift in Sources */,
				129D185A299E66F000B6B36C /* FollowerListViewController.swift in Sources */,
				12BE3E7E299F477B008B4FA7 /* MainTabBarController.swift in Sources */,
				129D1845299E564700B6B36C /* SearchViewController.swift in Sources */,
				129D185D299E6D4800B6B36C /* Coordinator.swift in Sources */,
				129D1841299E564700B6B36C /* AppDelegate.swift in Sources */,
				12BE3E7B299F45D6008B4FA7 /* FavoritesListViewController.swift in Sources */,
				129D1843299E564700B6B36C /* SceneDelegate.swift in Sources */,
			);
			runOnlyForDeploymentPostprocessing = 0;
		};
/* End PBXSourcesBuildPhase section */

/* Begin PBXVariantGroup section */
		129D184B299E564900B6B36C /* LaunchScreen.storyboard */ = {
			isa = PBXVariantGroup;
			children = (
				129D184C299E564900B6B36C /* Base */,
			);
			name = LaunchScreen.storyboard;
			sourceTree = "<group>";
		};
/* End PBXVariantGroup section */

/* Begin XCBuildConfiguration section */
		129D184F299E564900B6B36C /* Debug */ = {
			isa = XCBuildConfiguration;
			buildSettings = {
				ALWAYS_SEARCH_USER_PATHS = NO;
				CLANG_ANALYZER_NONNULL = YES;
				CLANG_ANALYZER_NUMBER_OBJECT_CONVERSION = YES_AGGRESSIVE;
				CLANG_CXX_LANGUAGE_STANDARD = "gnu++20";
				CLANG_ENABLE_MODULES = YES;
				CLANG_ENABLE_OBJC_ARC = YES;
				CLANG_ENABLE_OBJC_WEAK = YES;
				CLANG_WARN_BLOCK_CAPTURE_AUTORELEASING = YES;
				CLANG_WARN_BOOL_CONVERSION = YES;
				CLANG_WARN_COMMA = YES;
				CLANG_WARN_CONSTANT_CONVERSION = YES;
				CLANG_WARN_DEPRECATED_OBJC_IMPLEMENTATIONS = YES;
				CLANG_WARN_DIRECT_OBJC_ISA_USAGE = YES_ERROR;
				CLANG_WARN_DOCUMENTATION_COMMENTS = YES;
				CLANG_WARN_EMPTY_BODY = YES;
				CLANG_WARN_ENUM_CONVERSION = YES;
				CLANG_WARN_INFINITE_RECURSION = YES;
				CLANG_WARN_INT_CONVERSION = YES;
				CLANG_WARN_NON_LITERAL_NULL_CONVERSION = YES;
				CLANG_WARN_OBJC_IMPLICIT_RETAIN_SELF = YES;
				CLANG_WARN_OBJC_LITERAL_CONVERSION = YES;
				CLANG_WARN_OBJC_ROOT_CLASS = YES_ERROR;
				CLANG_WARN_QUOTED_INCLUDE_IN_FRAMEWORK_HEADER = YES;
				CLANG_WARN_RANGE_LOOP_ANALYSIS = YES;
				CLANG_WARN_STRICT_PROTOTYPES = YES;
				CLANG_WARN_SUSPICIOUS_MOVE = YES;
				CLANG_WARN_UNGUARDED_AVAILABILITY = YES_AGGRESSIVE;
				CLANG_WARN_UNREACHABLE_CODE = YES;
				CLANG_WARN__DUPLICATE_METHOD_MATCH = YES;
				COPY_PHASE_STRIP = NO;
				DEBUG_INFORMATION_FORMAT = dwarf;
				ENABLE_STRICT_OBJC_MSGSEND = YES;
				ENABLE_TESTABILITY = YES;
				GCC_C_LANGUAGE_STANDARD = gnu11;
				GCC_DYNAMIC_NO_PIC = NO;
				GCC_NO_COMMON_BLOCKS = YES;
				GCC_OPTIMIZATION_LEVEL = 0;
				GCC_PREPROCESSOR_DEFINITIONS = (
					"DEBUG=1",
					"$(inherited)",
				);
				GCC_WARN_64_TO_32_BIT_CONVERSION = YES;
				GCC_WARN_ABOUT_RETURN_TYPE = YES_ERROR;
				GCC_WARN_UNDECLARED_SELECTOR = YES;
				GCC_WARN_UNINITIALIZED_AUTOS = YES_AGGRESSIVE;
				GCC_WARN_UNUSED_FUNCTION = YES;
				GCC_WARN_UNUSED_VARIABLE = YES;
				IPHONEOS_DEPLOYMENT_TARGET = 16.2;
				MTL_ENABLE_DEBUG_INFO = INCLUDE_SOURCE;
				MTL_FAST_MATH = YES;
				ONLY_ACTIVE_ARCH = YES;
				SDKROOT = iphoneos;
				SWIFT_ACTIVE_COMPILATION_CONDITIONS = DEBUG;
				SWIFT_OPTIMIZATION_LEVEL = "-Onone";
			};
			name = Debug;
		};
		129D1850299E564900B6B36C /* Release */ = {
			isa = XCBuildConfiguration;
			buildSettings = {
				ALWAYS_SEARCH_USER_PATHS = NO;
				CLANG_ANALYZER_NONNULL = YES;
				CLANG_ANALYZER_NUMBER_OBJECT_CONVERSION = YES_AGGRESSIVE;
				CLANG_CXX_LANGUAGE_STANDARD = "gnu++20";
				CLANG_ENABLE_MODULES = YES;
				CLANG_ENABLE_OBJC_ARC = YES;
				CLANG_ENABLE_OBJC_WEAK = YES;
				CLANG_WARN_BLOCK_CAPTURE_AUTORELEASING = YES;
				CLANG_WARN_BOOL_CONVERSION = YES;
				CLANG_WARN_COMMA = YES;
				CLANG_WARN_CONSTANT_CONVERSION = YES;
				CLANG_WARN_DEPRECATED_OBJC_IMPLEMENTATIONS = YES;
				CLANG_WARN_DIRECT_OBJC_ISA_USAGE = YES_ERROR;
				CLANG_WARN_DOCUMENTATION_COMMENTS = YES;
				CLANG_WARN_EMPTY_BODY = YES;
				CLANG_WARN_ENUM_CONVERSION = YES;
				CLANG_WARN_INFINITE_RECURSION = YES;
				CLANG_WARN_INT_CONVERSION = YES;
				CLANG_WARN_NON_LITERAL_NULL_CONVERSION = YES;
				CLANG_WARN_OBJC_IMPLICIT_RETAIN_SELF = YES;
				CLANG_WARN_OBJC_LITERAL_CONVERSION = YES;
				CLANG_WARN_OBJC_ROOT_CLASS = YES_ERROR;
				CLANG_WARN_QUOTED_INCLUDE_IN_FRAMEWORK_HEADER = YES;
				CLANG_WARN_RANGE_LOOP_ANALYSIS = YES;
				CLANG_WARN_STRICT_PROTOTYPES = YES;
				CLANG_WARN_SUSPICIOUS_MOVE = YES;
				CLANG_WARN_UNGUARDED_AVAILABILITY = YES_AGGRESSIVE;
				CLANG_WARN_UNREACHABLE_CODE = YES;
				CLANG_WARN__DUPLICATE_METHOD_MATCH = YES;
				COPY_PHASE_STRIP = NO;
				DEBUG_INFORMATION_FORMAT = "dwarf-with-dsym";
				ENABLE_NS_ASSERTIONS = NO;
				ENABLE_STRICT_OBJC_MSGSEND = YES;
				GCC_C_LANGUAGE_STANDARD = gnu11;
				GCC_NO_COMMON_BLOCKS = YES;
				GCC_WARN_64_TO_32_BIT_CONVERSION = YES;
				GCC_WARN_ABOUT_RETURN_TYPE = YES_ERROR;
				GCC_WARN_UNDECLARED_SELECTOR = YES;
				GCC_WARN_UNINITIALIZED_AUTOS = YES_AGGRESSIVE;
				GCC_WARN_UNUSED_FUNCTION = YES;
				GCC_WARN_UNUSED_VARIABLE = YES;
				IPHONEOS_DEPLOYMENT_TARGET = 16.2;
				MTL_ENABLE_DEBUG_INFO = NO;
				MTL_FAST_MATH = YES;
				SDKROOT = iphoneos;
				SWIFT_COMPILATION_MODE = wholemodule;
				SWIFT_OPTIMIZATION_LEVEL = "-O";
				VALIDATE_PRODUCT = YES;
			};
			name = Release;
		};
		129D1852299E564900B6B36C /* Debug */ = {
			isa = XCBuildConfiguration;
			buildSettings = {
				ASSETCATALOG_COMPILER_APPICON_NAME = AppIcon;
				ASSETCATALOG_COMPILER_GLOBAL_ACCENT_COLOR_NAME = AccentColor;
				CODE_SIGN_STYLE = Automatic;
				CURRENT_PROJECT_VERSION = 1;
				DEVELOPMENT_TEAM = DX3TWD8RW8;
				GENERATE_INFOPLIST_FILE = YES;
				INFOPLIST_FILE = "github-followers/Info.plist";
				INFOPLIST_KEY_UIApplicationSupportsIndirectInputEvents = YES;
				INFOPLIST_KEY_UILaunchStoryboardName = LaunchScreen;
				INFOPLIST_KEY_UIMainStoryboardFile = "";
				INFOPLIST_KEY_UISupportedInterfaceOrientations = UIInterfaceOrientationPortrait;
				INFOPLIST_KEY_UISupportedInterfaceOrientations_iPad = "UIInterfaceOrientationLandscapeLeft UIInterfaceOrientationLandscapeRight UIInterfaceOrientationPortrait UIInterfaceOrientationPortraitUpsideDown";
				IPHONEOS_DEPLOYMENT_TARGET = 15.0;
				LD_RUNPATH_SEARCH_PATHS = (
					"$(inherited)",
					"@executable_path/Frameworks",
				);
				MARKETING_VERSION = 1.0;
				PRODUCT_BUNDLE_IDENTIFIER = "me.karlisberzins.github-followers";
				PRODUCT_NAME = "$(TARGET_NAME)";
				SUPPORTED_PLATFORMS = "iphoneos iphonesimulator";
				SUPPORTS_MACCATALYST = NO;
				SUPPORTS_MAC_DESIGNED_FOR_IPHONE_IPAD = NO;
				SWIFT_EMIT_LOC_STRINGS = YES;
				SWIFT_VERSION = 5.0;
				TARGETED_DEVICE_FAMILY = 1;
			};
			name = Debug;
		};
		129D1853299E564900B6B36C /* Release */ = {
			isa = XCBuildConfiguration;
			buildSettings = {
				ASSETCATALOG_COMPILER_APPICON_NAME = AppIcon;
				ASSETCATALOG_COMPILER_GLOBAL_ACCENT_COLOR_NAME = AccentColor;
				CODE_SIGN_STYLE = Automatic;
				CURRENT_PROJECT_VERSION = 1;
				DEVELOPMENT_TEAM = DX3TWD8RW8;
				GENERATE_INFOPLIST_FILE = YES;
				INFOPLIST_FILE = "github-followers/Info.plist";
				INFOPLIST_KEY_UIApplicationSupportsIndirectInputEvents = YES;
				INFOPLIST_KEY_UILaunchStoryboardName = LaunchScreen;
				INFOPLIST_KEY_UIMainStoryboardFile = "";
				INFOPLIST_KEY_UISupportedInterfaceOrientations = UIInterfaceOrientationPortrait;
				INFOPLIST_KEY_UISupportedInterfaceOrientations_iPad = "UIInterfaceOrientationLandscapeLeft UIInterfaceOrientationLandscapeRight UIInterfaceOrientationPortrait UIInterfaceOrientationPortraitUpsideDown";
				IPHONEOS_DEPLOYMENT_TARGET = 15.0;
				LD_RUNPATH_SEARCH_PATHS = (
					"$(inherited)",
					"@executable_path/Frameworks",
				);
				MARKETING_VERSION = 1.0;
				PRODUCT_BUNDLE_IDENTIFIER = "me.karlisberzins.github-followers";
				PRODUCT_NAME = "$(TARGET_NAME)";
				SUPPORTED_PLATFORMS = "iphoneos iphonesimulator";
				SUPPORTS_MACCATALYST = NO;
				SUPPORTS_MAC_DESIGNED_FOR_IPHONE_IPAD = NO;
				SWIFT_EMIT_LOC_STRINGS = YES;
				SWIFT_VERSION = 5.0;
				TARGETED_DEVICE_FAMILY = 1;
			};
			name = Release;
		};
/* End XCBuildConfiguration section */

/* Begin XCConfigurationList section */
		129D1838299E564700B6B36C /* Build configuration list for PBXProject "github-followers" */ = {
			isa = XCConfigurationList;
			buildConfigurations = (
				129D184F299E564900B6B36C /* Debug */,
				129D1850299E564900B6B36C /* Release */,
			);
			defaultConfigurationIsVisible = 0;
			defaultConfigurationName = Release;
		};
		129D1851299E564900B6B36C /* Build configuration list for PBXNativeTarget "github-followers" */ = {
			isa = XCConfigurationList;
			buildConfigurations = (
				129D1852299E564900B6B36C /* Debug */,
				129D1853299E564900B6B36C /* Release */,
			);
			defaultConfigurationIsVisible = 0;
			defaultConfigurationName = Release;
		};
/* End XCConfigurationList section */
	};
	rootObject = 129D1835299E564700B6B36C /* Project object */;
}
